
Microsoft Visual Studio Solution File, Format Version 11.00
# Visual Studio 2010
Project("{FAE04EC0-301F-11D3-BF4B-00C04F79EFBC}") = "HexWave3", "Assembly-CSharp.csproj", "{C3A44551-B28C-C9B1-93A1-B4C134CFC6F4}"
EndProject
Project("{FAE04EC0-301F-11D3-BF4B-00C04F79EFBC}") = "HexWave3", "Assembly-CSharp-Editor.csproj", "{4BDD5AF6-5D4F-D59E-4189-5F5A5DCB6D36}"
EndProject
Global
	GlobalSection(SolutionConfigurationPlatforms) = preSolution
		Debug|Any CPU = Debug|Any CPU
		Release|Any CPU = Release|Any CPU
	EndGlobalSection
	GlobalSection(ProjectConfigurationPlatforms) = postSolution
		{C3A44551-B28C-C9B1-93A1-B4C134CFC6F4}.Debug|Any CPU.ActiveCfg = Debug|Any CPU
		{C3A44551-B28C-C9B1-93A1-B4C134CFC6F4}.Debug|Any CPU.Build.0 = Debug|Any CPU
		{C3A44551-B28C-C9B1-93A1-B4C134CFC6F4}.Release|Any CPU.ActiveCfg = Release|Any CPU
		{C3A44551-B28C-C9B1-93A1-B4C134CFC6F4}.Release|Any CPU.Build.0 = Release|Any CPU
		{4BDD5AF6-5D4F-D59E-4189-5F5A5DCB6D36}.Debug|Any CPU.ActiveCfg = Debug|Any CPU
		{4BDD5AF6-5D4F-D59E-4189-5F5A5DCB6D36}.Debug|Any CPU.Build.0 = Debug|Any CPU
		{4BDD5AF6-5D4F-D59E-4189-5F5A5DCB6D36}.Release|Any CPU.ActiveCfg = Release|Any CPU
		{4BDD5AF6-5D4F-D59E-4189-5F5A5DCB6D36}.Release|Any CPU.Build.0 = Release|Any CPU
	EndGlobalSection
	GlobalSection(SolutionProperties) = preSolution
		HideSolutionNode = FALSE
	EndGlobalSection
	GlobalSection(MonoDevelopProperties) = preSolution
		StartupItem = Assembly-CSharp.csproj
	EndGlobalSection
EndGlobal
